
Microsoft Visual Studio Solution File, Format Version 12.00
# Visual Studio Version 16
VisualStudioVersion = 16.0.32126.315
MinimumVisualStudioVersion = 10.0.40219.1
Project("{FAE04EC0-301F-11D3-BF4B-00C04F79EFBC}") = "Tests", "Tests\Tests.csproj", "{0EDC9511-B6DD-456D-BF63-EA999DBD7924}"
EndProject
Project("{FAE04EC0-301F-11D3-BF4B-00C04F79EFBC}") = "CodeWars", "CodeWars\CodeWars.csproj", "{2E1F5AB2-C773-4A65-903F-02206D50F005}"
EndProject
Project("{FAE04EC0-301F-11D3-BF4B-00C04F79EFBC}") = "Labs", "Labs\Labs.csproj", "{ACBBFCB4-3C88-44B2-B6BE-FE73040D57D7}"
EndProject
Global
	GlobalSection(SolutionConfigurationPlatforms) = preSolution
		Debug|Any CPU = Debug|Any CPU
		Release|Any CPU = Release|Any CPU
	EndGlobalSection
	GlobalSection(ProjectConfigurationPlatforms) = postSolution
		{0EDC9511-B6DD-456D-BF63-EA999DBD7924}.Debug|Any CPU.ActiveCfg = Debug|Any CPU
		{0EDC9511-B6DD-456D-BF63-EA999DBD7924}.Debug|Any CPU.Build.0 = Debug|Any CPU
		{0EDC9511-B6DD-456D-BF63-EA999DBD7924}.Release|Any CPU.ActiveCfg = Release|Any CPU
		{0EDC9511-B6DD-456D-BF63-EA999DBD7924}.Release|Any CPU.Build.0 = Release|Any CPU
		{2E1F5AB2-C773-4A65-903F-02206D50F005}.Debug|Any CPU.ActiveCfg = Debug|Any CPU
		{2E1F5AB2-C773-4A65-903F-02206D50F005}.Debug|Any CPU.Build.0 = Debug|Any CPU
		{2E1F5AB2-C773-4A65-903F-02206D50F005}.Release|Any CPU.ActiveCfg = Release|Any CPU
		{2E1F5AB2-C773-4A65-903F-02206D50F005}.Release|Any CPU.Build.0 = Release|Any CPU
		{ACBBFCB4-3C88-44B2-B6BE-FE73040D57D7}.Debug|Any CPU.ActiveCfg = Debug|Any CPU
		{ACBBFCB4-3C88-44B2-B6BE-FE73040D57D7}.Debug|Any CPU.Build.0 = Debug|Any CPU
		{ACBBFCB4-3C88-44B2-B6BE-FE73040D57D7}.Release|Any CPU.ActiveCfg = Release|Any CPU
		{ACBBFCB4-3C88-44B2-B6BE-FE73040D57D7}.Release|Any CPU.Build.0 = Release|Any CPU
	EndGlobalSection
	GlobalSection(SolutionProperties) = preSolution
		HideSolutionNode = FALSE
	EndGlobalSection
	GlobalSection(ExtensibilityGlobals) = postSolution
		SolutionGuid = {C99600CE-4B09-42BC-AC8B-49A5B00A9D59}
	EndGlobalSection
EndGlobal
